
Microsoft Visual Studio Solution File, Format Version 12.00
# Visual Studio Version 16
VisualStudioVersion = 16.0.29519.181
MinimumVisualStudioVersion = 10.0.40219.1
Project("{FAE04EC0-301F-11D3-BF4B-00C04F79EFBC}") = "WarShip", "WarShip\WarShip.csproj", "{298E588F-1E1B-4694-93D0-AFEC417DABA0}"
EndProject
Global
	GlobalSection(SolutionConfigurationPlatforms) = preSolution
		Debug|Any CPU = Debug|Any CPU
		Release|Any CPU = Release|Any CPU
	EndGlobalSection
	GlobalSection(ProjectConfigurationPlatforms) = postSolution
		{298E588F-1E1B-4694-93D0-AFEC417DABA0}.Debug|Any CPU.ActiveCfg = Debug|Any CPU
		{298E588F-1E1B-4694-93D0-AFEC417DABA0}.Debug|Any CPU.Build.0 = Debug|Any CPU
		{298E588F-1E1B-4694-93D0-AFEC417DABA0}.Release|Any CPU.ActiveCfg = Release|Any CPU
		{298E588F-1E1B-4694-93D0-AFEC417DABA0}.Release|Any CPU.Build.0 = Release|Any CPU
	EndGlobalSection
	GlobalSection(SolutionProperties) = preSolution
		HideSolutionNode = FALSE
	EndGlobalSection
	GlobalSection(ExtensibilityGlobals) = postSolution
		SolutionGuid = {3A1EE21C-A91B-47BA-9D5F-AF31FF5E5B18}
	EndGlobalSection
EndGlobal
